
Microsoft Visual Studio Solution File, Format Version 12.00
# Visual Studio Version 17
VisualStudioVersion = 17.9.34728.123
MinimumVisualStudioVersion = 10.0.40219.1
Project("{FAE04EC0-301F-11D3-BF4B-00C04F79EFBC}") = "ToDoApi", "ToDoApi\ToDoApi.csproj", "{2B7F72A2-E3BB-41C1-B403-29C0A9E89014}"
EndProject
Global
	GlobalSection(SolutionConfigurationPlatforms) = preSolution
		Debug|Any CPU = Debug|Any CPU
		Release|Any CPU = Release|Any CPU
	EndGlobalSection
	GlobalSection(ProjectConfigurationPlatforms) = postSolution
		{2B7F72A2-E3BB-41C1-B403-29C0A9E89014}.Debug|Any CPU.ActiveCfg = Debug|Any CPU
		{2B7F72A2-E3BB-41C1-B403-29C0A9E89014}.Debug|Any CPU.Build.0 = Debug|Any CPU
		{2B7F72A2-E3BB-41C1-B403-29C0A9E89014}.Release|Any CPU.ActiveCfg = Release|Any CPU
		{2B7F72A2-E3BB-41C1-B403-29C0A9E89014}.Release|Any CPU.Build.0 = Release|Any CPU
	EndGlobalSection
	GlobalSection(SolutionProperties) = preSolution
		HideSolutionNode = FALSE
	EndGlobalSection
	GlobalSection(ExtensibilityGlobals) = postSolution
		SolutionGuid = {DA55C27D-E7BE-4881-836B-7F26C82371D4}
	EndGlobalSection
EndGlobal
