
Microsoft Visual Studio Solution File, Format Version 12.00
# Visual Studio Version 17
VisualStudioVersion = 17.9.34728.123
MinimumVisualStudioVersion = 10.0.40219.1
Project("{FAE04EC0-301F-11D3-BF4B-00C04F79EFBC}") = "ToDoMauiClient", "ToDoMauiClient\ToDoMauiClient.csproj", "{F78D853A-866E-491A-B0A0-13DC54B04F21}"
EndProject
Global
	GlobalSection(SolutionConfigurationPlatforms) = preSolution
		Debug|Any CPU = Debug|Any CPU
		Release|Any CPU = Release|Any CPU
	EndGlobalSection
	GlobalSection(ProjectConfigurationPlatforms) = postSolution
		{F78D853A-866E-491A-B0A0-13DC54B04F21}.Debug|Any CPU.ActiveCfg = Debug|Any CPU
		{F78D853A-866E-491A-B0A0-13DC54B04F21}.Debug|Any CPU.Build.0 = Debug|Any CPU
		{F78D853A-866E-491A-B0A0-13DC54B04F21}.Debug|Any CPU.Deploy.0 = Debug|Any CPU
		{F78D853A-866E-491A-B0A0-13DC54B04F21}.Release|Any CPU.ActiveCfg = Release|Any CPU
		{F78D853A-866E-491A-B0A0-13DC54B04F21}.Release|Any CPU.Build.0 = Release|Any CPU
		{F78D853A-866E-491A-B0A0-13DC54B04F21}.Release|Any CPU.Deploy.0 = Release|Any CPU
	EndGlobalSection
	GlobalSection(SolutionProperties) = preSolution
		HideSolutionNode = FALSE
	EndGlobalSection
	GlobalSection(ExtensibilityGlobals) = postSolution
		SolutionGuid = {22D83C65-0E4B-44A8-8100-8E1351196C11}
	EndGlobalSection
EndGlobal
